
Microsoft Visual Studio Solution File, Format Version 12.00
# Visual Studio Version 17
VisualStudioVersion = 17.7.34031.279
MinimumVisualStudioVersion = 10.0.40219.1
Project("{8BC9CEB8-8B4A-11D0-8D11-00A0C91BC942}") = "remove-elements-list", "remove-elements-list.vcxproj", "{B320B222-6F9B-455E-B8D8-650388C1CF6C}"
EndProject
Global
	GlobalSection(SolutionConfigurationPlatforms) = preSolution
		Debug|x64 = Debug|x64
		Debug|x86 = Debug|x86
		Release|x64 = Release|x64
		Release|x86 = Release|x86
	EndGlobalSection
	GlobalSection(ProjectConfigurationPlatforms) = postSolution
		{B320B222-6F9B-455E-B8D8-650388C1CF6C}.Debug|x64.ActiveCfg = Debug|x64
		{B320B222-6F9B-455E-B8D8-650388C1CF6C}.Debug|x64.Build.0 = Debug|x64
		{B320B222-6F9B-455E-B8D8-650388C1CF6C}.Debug|x86.ActiveCfg = Debug|Win32
		{B320B222-6F9B-455E-B8D8-650388C1CF6C}.Debug|x86.Build.0 = Debug|Win32
		{B320B222-6F9B-455E-B8D8-650388C1CF6C}.Release|x64.ActiveCfg = Release|x64
		{B320B222-6F9B-455E-B8D8-650388C1CF6C}.Release|x64.Build.0 = Release|x64
		{B320B222-6F9B-455E-B8D8-650388C1CF6C}.Release|x86.ActiveCfg = Release|Win32
		{B320B222-6F9B-455E-B8D8-650388C1CF6C}.Release|x86.Build.0 = Release|Win32
	EndGlobalSection
	GlobalSection(SolutionProperties) = preSolution
		HideSolutionNode = FALSE
	EndGlobalSection
	GlobalSection(ExtensibilityGlobals) = postSolution
		SolutionGuid = {4FF6DB0E-0A90-448A-BEC5-D354CEE4D896}
	EndGlobalSection
EndGlobal
